
Microsoft Visual Studio Solution File, Format Version 12.00
# Visual Studio Version 17
VisualStudioVersion = 17.9.34728.123
MinimumVisualStudioVersion = 10.0.40219.1
Project("{9A19103F-16F7-4668-BE54-9A1E7A4F7556}") = "HoaPhatApp", "HoaPhatApp\HoaPhatApp.csproj", "{43AF5577-534A-47BC-9DBE-BCA5E44D33CF}"
EndProject
Project("{9A19103F-16F7-4668-BE54-9A1E7A4F7556}") = "DBRepositories", "DBRepositories\DBRepositories.csproj", "{940AAFBD-D4E6-44D5-AD8C-41AA133F2511}"
EndProject
Project("{9A19103F-16F7-4668-BE54-9A1E7A4F7556}") = "DBServices", "DBServices\DBServices.csproj", "{4155A277-29DD-48D8-9E33-21C948DA45BB}"
EndProject
Project("{54435603-DBB4-11D2-8724-00A0C9A8B90C}") = "QLSXHoaPhat", "QLSXHoaPhat\QLSXHoaPhat.vdproj", "{849ED8F5-6377-4478-BCD1-A4B3BE3EFEFF}"
EndProject
Global
	GlobalSection(SolutionConfigurationPlatforms) = preSolution
		Debug|Any CPU = Debug|Any CPU
		Debug|x64 = Debug|x64
		Debug|x86 = Debug|x86
		Release|Any CPU = Release|Any CPU
		Release|x64 = Release|x64
		Release|x86 = Release|x86
	EndGlobalSection
	GlobalSection(ProjectConfigurationPlatforms) = postSolution
		{43AF5577-534A-47BC-9DBE-BCA5E44D33CF}.Debug|Any CPU.ActiveCfg = Debug|Any CPU
		{43AF5577-534A-47BC-9DBE-BCA5E44D33CF}.Debug|Any CPU.Build.0 = Debug|Any CPU
		{43AF5577-534A-47BC-9DBE-BCA5E44D33CF}.Debug|x64.ActiveCfg = Debug|x64
		{43AF5577-534A-47BC-9DBE-BCA5E44D33CF}.Debug|x64.Build.0 = Debug|x64
		{43AF5577-534A-47BC-9DBE-BCA5E44D33CF}.Debug|x86.ActiveCfg = Debug|x86
		{43AF5577-534A-47BC-9DBE-BCA5E44D33CF}.Debug|x86.Build.0 = Debug|x86
		{43AF5577-534A-47BC-9DBE-BCA5E44D33CF}.Release|Any CPU.ActiveCfg = Release|Any CPU
		{43AF5577-534A-47BC-9DBE-BCA5E44D33CF}.Release|Any CPU.Build.0 = Release|Any CPU
		{43AF5577-534A-47BC-9DBE-BCA5E44D33CF}.Release|x64.ActiveCfg = Release|x64
		{43AF5577-534A-47BC-9DBE-BCA5E44D33CF}.Release|x64.Build.0 = Release|x64
		{43AF5577-534A-47BC-9DBE-BCA5E44D33CF}.Release|x86.ActiveCfg = Release|x86
		{43AF5577-534A-47BC-9DBE-BCA5E44D33CF}.Release|x86.Build.0 = Release|x86
		{940AAFBD-D4E6-44D5-AD8C-41AA133F2511}.Debug|Any CPU.ActiveCfg = Debug|Any CPU
		{940AAFBD-D4E6-44D5-AD8C-41AA133F2511}.Debug|Any CPU.Build.0 = Debug|Any CPU
		{940AAFBD-D4E6-44D5-AD8C-41AA133F2511}.Debug|x64.ActiveCfg = Debug|Any CPU
		{940AAFBD-D4E6-44D5-AD8C-41AA133F2511}.Debug|x64.Build.0 = Debug|Any CPU
		{940AAFBD-D4E6-44D5-AD8C-41AA133F2511}.Debug|x86.ActiveCfg = Debug|x86
		{940AAFBD-D4E6-44D5-AD8C-41AA133F2511}.Debug|x86.Build.0 = Debug|x86
		{940AAFBD-D4E6-44D5-AD8C-41AA133F2511}.Release|Any CPU.ActiveCfg = Release|Any CPU
		{940AAFBD-D4E6-44D5-AD8C-41AA133F2511}.Release|Any CPU.Build.0 = Release|Any CPU
		{940AAFBD-D4E6-44D5-AD8C-41AA133F2511}.Release|x64.ActiveCfg = Release|Any CPU
		{940AAFBD-D4E6-44D5-AD8C-41AA133F2511}.Release|x64.Build.0 = Release|Any CPU
		{940AAFBD-D4E6-44D5-AD8C-41AA133F2511}.Release|x86.ActiveCfg = Release|x86
		{940AAFBD-D4E6-44D5-AD8C-41AA133F2511}.Release|x86.Build.0 = Release|x86
		{4155A277-29DD-48D8-9E33-21C948DA45BB}.Debug|Any CPU.ActiveCfg = Debug|Any CPU
		{4155A277-29DD-48D8-9E33-21C948DA45BB}.Debug|Any CPU.Build.0 = Debug|Any CPU
		{4155A277-29DD-48D8-9E33-21C948DA45BB}.Debug|x64.ActiveCfg = Debug|Any CPU
		{4155A277-29DD-48D8-9E33-21C948DA45BB}.Debug|x64.Build.0 = Debug|Any CPU
		{4155A277-29DD-48D8-9E33-21C948DA45BB}.Debug|x86.ActiveCfg = Debug|x86
		{4155A277-29DD-48D8-9E33-21C948DA45BB}.Debug|x86.Build.0 = Debug|x86
		{4155A277-29DD-48D8-9E33-21C948DA45BB}.Release|Any CPU.ActiveCfg = Release|Any CPU
		{4155A277-29DD-48D8-9E33-21C948DA45BB}.Release|Any CPU.Build.0 = Release|Any CPU
		{4155A277-29DD-48D8-9E33-21C948DA45BB}.Release|x64.ActiveCfg = Release|Any CPU
		{4155A277-29DD-48D8-9E33-21C948DA45BB}.Release|x64.Build.0 = Release|Any CPU
		{4155A277-29DD-48D8-9E33-21C948DA45BB}.Release|x86.ActiveCfg = Release|x86
		{4155A277-29DD-48D8-9E33-21C948DA45BB}.Release|x86.Build.0 = Release|x86
		{849ED8F5-6377-4478-BCD1-A4B3BE3EFEFF}.Debug|Any CPU.ActiveCfg = Debug
		{849ED8F5-6377-4478-BCD1-A4B3BE3EFEFF}.Debug|x64.ActiveCfg = Debug
		{849ED8F5-6377-4478-BCD1-A4B3BE3EFEFF}.Debug|x86.ActiveCfg = Debug
		{849ED8F5-6377-4478-BCD1-A4B3BE3EFEFF}.Release|Any CPU.ActiveCfg = Release
		{849ED8F5-6377-4478-BCD1-A4B3BE3EFEFF}.Release|x64.ActiveCfg = Release
		{849ED8F5-6377-4478-BCD1-A4B3BE3EFEFF}.Release|x86.ActiveCfg = Release
	EndGlobalSection
	GlobalSection(SolutionProperties) = preSolution
		HideSolutionNode = FALSE
	EndGlobalSection
	GlobalSection(ExtensibilityGlobals) = postSolution
		SolutionGuid = {064C83EE-831C-48C3-9170-00F28EF14379}
	EndGlobalSection
EndGlobal
